
Microsoft Visual Studio Solution File, Format Version 12.00
# Visual Studio 15
Project("{FAE04EC0-301F-11D3-BF4B-00C04F79EFBC}") = "Assembly-CSharp", "Assembly-CSharp.csproj", "{595602F2-A152-4051-8CE9-E8EEB7C64494}"
EndProject
Project("{FAE04EC0-301F-11D3-BF4B-00C04F79EFBC}") = "Assembly-CSharp-firstpass", "Assembly-CSharp-firstpass.csproj", "{15C56468-849C-662A-14F2-DD87FD5084D2}"
EndProject
Project("{FAE04EC0-301F-11D3-BF4B-00C04F79EFBC}") = "Assembly-CSharp-Editor", "Assembly-CSharp-Editor.csproj", "{1F234722-7C28-D092-8343-1697189BC5B7}"
EndProject
Global
	GlobalSection(SolutionConfigurationPlatforms) = preSolution
		Debug|Any CPU = Debug|Any CPU
		Release|Any CPU = Release|Any CPU
	EndGlobalSection
	GlobalSection(ProjectConfigurationPlatforms) = postSolution
		{595602F2-A152-4051-8CE9-E8EEB7C64494}.Debug|Any CPU.ActiveCfg = Debug|Any CPU
		{595602F2-A152-4051-8CE9-E8EEB7C64494}.Debug|Any CPU.Build.0 = Debug|Any CPU
		{595602F2-A152-4051-8CE9-E8EEB7C64494}.Release|Any CPU.ActiveCfg = Release|Any CPU
		{595602F2-A152-4051-8CE9-E8EEB7C64494}.Release|Any CPU.Build.0 = Release|Any CPU
		{15C56468-849C-662A-14F2-DD87FD5084D2}.Debug|Any CPU.ActiveCfg = Debug|Any CPU
		{15C56468-849C-662A-14F2-DD87FD5084D2}.Debug|Any CPU.Build.0 = Debug|Any CPU
		{15C56468-849C-662A-14F2-DD87FD5084D2}.Release|Any CPU.ActiveCfg = Release|Any CPU
		{15C56468-849C-662A-14F2-DD87FD5084D2}.Release|Any CPU.Build.0 = Release|Any CPU
		{1F234722-7C28-D092-8343-1697189BC5B7}.Debug|Any CPU.ActiveCfg = Debug|Any CPU
		{1F234722-7C28-D092-8343-1697189BC5B7}.Debug|Any CPU.Build.0 = Debug|Any CPU
		{1F234722-7C28-D092-8343-1697189BC5B7}.Release|Any CPU.ActiveCfg = Release|Any CPU
		{1F234722-7C28-D092-8343-1697189BC5B7}.Release|Any CPU.Build.0 = Release|Any CPU
	EndGlobalSection
	GlobalSection(SolutionProperties) = preSolution
		HideSolutionNode = FALSE
	EndGlobalSection
EndGlobal
